
Microsoft Visual Studio Solution File, Format Version 12.00
# Visual Studio 14
VisualStudioVersion = 14.0.23107.0
MinimumVisualStudioVersion = 10.0.40219.1
Project("{9A19103F-16F7-4668-BE54-9A1E7A4F7556}") = "Console", "Console\Console.csproj", "{30DBDDFF-462B-403A-9BE4-12A93D7A279A}"
EndProject
Project("{9A19103F-16F7-4668-BE54-9A1E7A4F7556}") = "XAP.BuiltIn", "XAP.BuiltIn\XAP.BuiltIn.csproj", "{D4B5D00F-333B-4B3C-8F58-FAF969D71A03}"
EndProject
Project("{9A19103F-16F7-4668-BE54-9A1E7A4F7556}") = "XAP.Client", "XAP.Client\XAP.Client.csproj", "{DB239BC9-6C68-4D40-87CD-15A0FB669A32}"
EndProject
Project("{9A19103F-16F7-4668-BE54-9A1E7A4F7556}") = "XAP.Common", "XAP.Common\XAP.Common.csproj", "{9F6388D3-E95A-4DD3-A00A-E344E6CFB2B4}"
EndProject
Project("{9A19103F-16F7-4668-BE54-9A1E7A4F7556}") = "XAP.Configuration", "XAP.Configuration\XAP.Configuration.csproj", "{9585F13F-8E94-4C23-BBE9-A929B4950A81}"
EndProject
Project("{9A19103F-16F7-4668-BE54-9A1E7A4F7556}") = "XAP.Engine", "XAP.Engine\XAP.Engine.csproj", "{B6CF1711-6147-4544-A92E-41B9EA6BC47E}"
EndProject
Project("{9A19103F-16F7-4668-BE54-9A1E7A4F7556}") = "XAP.Engine.MsTest", "XAP.Engine.MsTest\XAP.Engine.MsTest.csproj", "{DC26E578-2194-4245-87BA-F2CC9527BF60}"
EndProject
Project("{9A19103F-16F7-4668-BE54-9A1E7A4F7556}") = "XAP.Interface", "XAP.Interface\XAP.Interface.csproj", "{27E8DC64-A6F8-423D-BD38-07030FE7B7E0}"
EndProject
Project("{9A19103F-16F7-4668-BE54-9A1E7A4F7556}") = "XAP.Reporters", "XAP.Reporters\XAP.Reporters.csproj", "{A18E38C3-63F5-4AFE-B35C-56C2E67AB2CA}"
EndProject
Project("{2150E333-8FDC-42A3-9474-1A3956D46DE8}") = "PortableClient", "PortableClient", "{39B9B50D-0702-47A8-BD19-981542172DBE}"
EndProject
Project("{9A19103F-16F7-4668-BE54-9A1E7A4F7556}") = "XAP.Client", "XAP.Client.Fx4.0\XAP.Client\XAP.Client.csproj", "{C44B8669-A531-4580-87B1-8A5F2845C61B}"
EndProject
Project("{FAE04EC0-301F-11D3-BF4B-00C04F79EFBC}") = "XAP.Interface", "XAP.Client.Fx4.0\XAP.Interface\XAP.Interface.csproj", "{A5FF1C40-5B3D-47D7-82D8-439F5D202829}"
EndProject
Project("{FAE04EC0-301F-11D3-BF4B-00C04F79EFBC}") = "XAP.Common", "XAP.Client.Fx4.0\XAP.Common\XAP.Common.csproj", "{DD8BF82C-528C-4F36-B49D-6406DE1E3606}"
EndProject
Project("{2150E333-8FDC-42A3-9474-1A3956D46DE8}") = "Solution Items", "Solution Items", "{FADD2C91-33AA-43A6-BD70-440471C5D83C}"
	ProjectSection(SolutionItems) = preProject
		LICENSE.md = LICENSE.md
	EndProjectSection
EndProject
Global
	GlobalSection(SolutionConfigurationPlatforms) = preSolution
		Debug|Any CPU = Debug|Any CPU
		Release|Any CPU = Release|Any CPU
	EndGlobalSection
	GlobalSection(ProjectConfigurationPlatforms) = postSolution
		{30DBDDFF-462B-403A-9BE4-12A93D7A279A}.Debug|Any CPU.ActiveCfg = Debug|Any CPU
		{30DBDDFF-462B-403A-9BE4-12A93D7A279A}.Debug|Any CPU.Build.0 = Debug|Any CPU
		{30DBDDFF-462B-403A-9BE4-12A93D7A279A}.Release|Any CPU.ActiveCfg = Release|Any CPU
		{30DBDDFF-462B-403A-9BE4-12A93D7A279A}.Release|Any CPU.Build.0 = Release|Any CPU
		{D4B5D00F-333B-4B3C-8F58-FAF969D71A03}.Debug|Any CPU.ActiveCfg = Debug|Any CPU
		{D4B5D00F-333B-4B3C-8F58-FAF969D71A03}.Debug|Any CPU.Build.0 = Debug|Any CPU
		{D4B5D00F-333B-4B3C-8F58-FAF969D71A03}.Release|Any CPU.ActiveCfg = Release|Any CPU
		{D4B5D00F-333B-4B3C-8F58-FAF969D71A03}.Release|Any CPU.Build.0 = Release|Any CPU
		{DB239BC9-6C68-4D40-87CD-15A0FB669A32}.Debug|Any CPU.ActiveCfg = Debug|Any CPU
		{DB239BC9-6C68-4D40-87CD-15A0FB669A32}.Debug|Any CPU.Build.0 = Debug|Any CPU
		{DB239BC9-6C68-4D40-87CD-15A0FB669A32}.Release|Any CPU.ActiveCfg = Release|Any CPU
		{DB239BC9-6C68-4D40-87CD-15A0FB669A32}.Release|Any CPU.Build.0 = Release|Any CPU
		{9F6388D3-E95A-4DD3-A00A-E344E6CFB2B4}.Debug|Any CPU.ActiveCfg = Debug|Any CPU
		{9F6388D3-E95A-4DD3-A00A-E344E6CFB2B4}.Debug|Any CPU.Build.0 = Debug|Any CPU
		{9F6388D3-E95A-4DD3-A00A-E344E6CFB2B4}.Release|Any CPU.ActiveCfg = Release|Any CPU
		{9F6388D3-E95A-4DD3-A00A-E344E6CFB2B4}.Release|Any CPU.Build.0 = Release|Any CPU
		{9585F13F-8E94-4C23-BBE9-A929B4950A81}.Debug|Any CPU.ActiveCfg = Debug|Any CPU
		{9585F13F-8E94-4C23-BBE9-A929B4950A81}.Debug|Any CPU.Build.0 = Debug|Any CPU
		{9585F13F-8E94-4C23-BBE9-A929B4950A81}.Release|Any CPU.ActiveCfg = Release|Any CPU
		{9585F13F-8E94-4C23-BBE9-A929B4950A81}.Release|Any CPU.Build.0 = Release|Any CPU
		{B6CF1711-6147-4544-A92E-41B9EA6BC47E}.Debug|Any CPU.ActiveCfg = Debug|Any CPU
		{B6CF1711-6147-4544-A92E-41B9EA6BC47E}.Debug|Any CPU.Build.0 = Debug|Any CPU
		{B6CF1711-6147-4544-A92E-41B9EA6BC47E}.Release|Any CPU.ActiveCfg = Release|Any CPU
		{B6CF1711-6147-4544-A92E-41B9EA6BC47E}.Release|Any CPU.Build.0 = Release|Any CPU
		{DC26E578-2194-4245-87BA-F2CC9527BF60}.Debug|Any CPU.ActiveCfg = Debug|Any CPU
		{DC26E578-2194-4245-87BA-F2CC9527BF60}.Debug|Any CPU.Build.0 = Debug|Any CPU
		{DC26E578-2194-4245-87BA-F2CC9527BF60}.Release|Any CPU.ActiveCfg = Release|Any CPU
		{DC26E578-2194-4245-87BA-F2CC9527BF60}.Release|Any CPU.Build.0 = Release|Any CPU
		{27E8DC64-A6F8-423D-BD38-07030FE7B7E0}.Debug|Any CPU.ActiveCfg = Debug|Any CPU
		{27E8DC64-A6F8-423D-BD38-07030FE7B7E0}.Debug|Any CPU.Build.0 = Debug|Any CPU
		{27E8DC64-A6F8-423D-BD38-07030FE7B7E0}.Release|Any CPU.ActiveCfg = Release|Any CPU
		{27E8DC64-A6F8-423D-BD38-07030FE7B7E0}.Release|Any CPU.Build.0 = Release|Any CPU
		{A18E38C3-63F5-4AFE-B35C-56C2E67AB2CA}.Debug|Any CPU.ActiveCfg = Debug|Any CPU
		{A18E38C3-63F5-4AFE-B35C-56C2E67AB2CA}.Debug|Any CPU.Build.0 = Debug|Any CPU
		{A18E38C3-63F5-4AFE-B35C-56C2E67AB2CA}.Release|Any CPU.ActiveCfg = Release|Any CPU
		{A18E38C3-63F5-4AFE-B35C-56C2E67AB2CA}.Release|Any CPU.Build.0 = Release|Any CPU
		{C44B8669-A531-4580-87B1-8A5F2845C61B}.Debug|Any CPU.ActiveCfg = Debug|Any CPU
		{C44B8669-A531-4580-87B1-8A5F2845C61B}.Debug|Any CPU.Build.0 = Debug|Any CPU
		{C44B8669-A531-4580-87B1-8A5F2845C61B}.Release|Any CPU.ActiveCfg = Release|Any CPU
		{C44B8669-A531-4580-87B1-8A5F2845C61B}.Release|Any CPU.Build.0 = Release|Any CPU
		{A5FF1C40-5B3D-47D7-82D8-439F5D202829}.Debug|Any CPU.ActiveCfg = Debug|Any CPU
		{A5FF1C40-5B3D-47D7-82D8-439F5D202829}.Debug|Any CPU.Build.0 = Debug|Any CPU
		{A5FF1C40-5B3D-47D7-82D8-439F5D202829}.Release|Any CPU.ActiveCfg = Release|Any CPU
		{A5FF1C40-5B3D-47D7-82D8-439F5D202829}.Release|Any CPU.Build.0 = Release|Any CPU
		{DD8BF82C-528C-4F36-B49D-6406DE1E3606}.Debug|Any CPU.ActiveCfg = Debug|Any CPU
		{DD8BF82C-528C-4F36-B49D-6406DE1E3606}.Debug|Any CPU.Build.0 = Debug|Any CPU
		{DD8BF82C-528C-4F36-B49D-6406DE1E3606}.Release|Any CPU.ActiveCfg = Release|Any CPU
		{DD8BF82C-528C-4F36-B49D-6406DE1E3606}.Release|Any CPU.Build.0 = Release|Any CPU
	EndGlobalSection
	GlobalSection(SolutionProperties) = preSolution
		HideSolutionNode = FALSE
	EndGlobalSection
	GlobalSection(NestedProjects) = preSolution
		{C44B8669-A531-4580-87B1-8A5F2845C61B} = {39B9B50D-0702-47A8-BD19-981542172DBE}
		{A5FF1C40-5B3D-47D7-82D8-439F5D202829} = {39B9B50D-0702-47A8-BD19-981542172DBE}
		{DD8BF82C-528C-4F36-B49D-6406DE1E3606} = {39B9B50D-0702-47A8-BD19-981542172DBE}
	EndGlobalSection
EndGlobal
